
Microsoft Visual Studio Solution File, Format Version 12.00
# Visual Studio 14
VisualStudioVersion = 14.0.25420.1
MinimumVisualStudioVersion = 10.0.40219.1
Project("{8BC9CEB8-8B4A-11D0-8D11-00A0C91BC942}") = "vdupdate_service", "vdupdate_service\vdupdate_service.vcxproj", "{582A2A3B-8FD9-4719-99E4-F99173B06EAC}"
EndProject
Project("{8BC9CEB8-8B4A-11D0-8D11-00A0C91BC942}") = "vdupdate", "vdupdate\vdupdate.vcxproj", "{9167B7D7-B3A3-4F19-ACC8-D1AEE5571288}"
EndProject
Global
	GlobalSection(SolutionConfigurationPlatforms) = preSolution
		Debug|x64 = Debug|x64
		Debug|x86 = Debug|x86
		Release|x64 = Release|x64
		Release|x86 = Release|x86
	EndGlobalSection
	GlobalSection(ProjectConfigurationPlatforms) = postSolution
		{582A2A3B-8FD9-4719-99E4-F99173B06EAC}.Debug|x64.ActiveCfg = Debug|x64
		{582A2A3B-8FD9-4719-99E4-F99173B06EAC}.Debug|x64.Build.0 = Debug|x64
		{582A2A3B-8FD9-4719-99E4-F99173B06EAC}.Debug|x86.ActiveCfg = Debug|Win32
		{582A2A3B-8FD9-4719-99E4-F99173B06EAC}.Debug|x86.Build.0 = Debug|Win32
		{582A2A3B-8FD9-4719-99E4-F99173B06EAC}.Release|x64.ActiveCfg = Release|x64
		{582A2A3B-8FD9-4719-99E4-F99173B06EAC}.Release|x64.Build.0 = Release|x64
		{582A2A3B-8FD9-4719-99E4-F99173B06EAC}.Release|x86.ActiveCfg = Release|Win32
		{582A2A3B-8FD9-4719-99E4-F99173B06EAC}.Release|x86.Build.0 = Release|Win32
		{9167B7D7-B3A3-4F19-ACC8-D1AEE5571288}.Debug|x64.ActiveCfg = Debug|x64
		{9167B7D7-B3A3-4F19-ACC8-D1AEE5571288}.Debug|x64.Build.0 = Debug|x64
		{9167B7D7-B3A3-4F19-ACC8-D1AEE5571288}.Debug|x86.ActiveCfg = Debug|Win32
		{9167B7D7-B3A3-4F19-ACC8-D1AEE5571288}.Debug|x86.Build.0 = Debug|Win32
		{9167B7D7-B3A3-4F19-ACC8-D1AEE5571288}.Release|x64.ActiveCfg = Release|x64
		{9167B7D7-B3A3-4F19-ACC8-D1AEE5571288}.Release|x64.Build.0 = Release|x64
		{9167B7D7-B3A3-4F19-ACC8-D1AEE5571288}.Release|x86.ActiveCfg = Release|Win32
		{9167B7D7-B3A3-4F19-ACC8-D1AEE5571288}.Release|x86.Build.0 = Release|Win32
	EndGlobalSection
	GlobalSection(SolutionProperties) = preSolution
		HideSolutionNode = FALSE
	EndGlobalSection
EndGlobal
