
Microsoft Visual Studio Solution File, Format Version 12.00
# Visual Studio 14
VisualStudioVersion = 14.0.25420.1
MinimumVisualStudioVersion = 10.0.40219.1
Project("{8BC9CEB8-8B4A-11D0-8D11-00A0C91BC942}") = "SimpleMainWindow", "SimpleMainWindow\SimpleMainWindow.vcxproj", "{4CBA3D54-CEC6-45EC-8678-98239D6BB0F7}"
EndProject
Project("{8BC9CEB8-8B4A-11D0-8D11-00A0C91BC942}") = "DuiSeniorDemo", "DuiSeniorDemo\DuiSeniorDemo.vcxproj", "{16F60E0C-CEF4-47B0-B2D6-9DE57D4146E3}"
EndProject
Project("{8BC9CEB8-8B4A-11D0-8D11-00A0C91BC942}") = "DuiBaseDemo", "DuiBaseDemo\DuiBaseDemo.vcxproj", "{2E89B6F5-9404-472D-95E6-4FAB91D0DA11}"
EndProject
Project("{8BC9CEB8-8B4A-11D0-8D11-00A0C91BC942}") = "DuiActiveXDemo", "DuiActiveXDemo\DuiActiveXDemo.vcxproj", "{F8F36325-2F28-4CB3-86DF-715D27B510FB}"
EndProject
Global
	GlobalSection(SolutionConfigurationPlatforms) = preSolution
		Debug|x64 = Debug|x64
		Debug|x86 = Debug|x86
		Release|x64 = Release|x64
		Release|x86 = Release|x86
		UnicodeDebug|x64 = UnicodeDebug|x64
		UnicodeDebug|x86 = UnicodeDebug|x86
		UnicodeRelease|x64 = UnicodeRelease|x64
		UnicodeRelease|x86 = UnicodeRelease|x86
	EndGlobalSection
	GlobalSection(ProjectConfigurationPlatforms) = postSolution
		{4CBA3D54-CEC6-45EC-8678-98239D6BB0F7}.Debug|x64.ActiveCfg = Debug|x64
		{4CBA3D54-CEC6-45EC-8678-98239D6BB0F7}.Debug|x64.Build.0 = Debug|x64
		{4CBA3D54-CEC6-45EC-8678-98239D6BB0F7}.Debug|x86.ActiveCfg = Debug|Win32
		{4CBA3D54-CEC6-45EC-8678-98239D6BB0F7}.Debug|x86.Build.0 = Debug|Win32
		{4CBA3D54-CEC6-45EC-8678-98239D6BB0F7}.Release|x64.ActiveCfg = Release|x64
		{4CBA3D54-CEC6-45EC-8678-98239D6BB0F7}.Release|x64.Build.0 = Release|x64
		{4CBA3D54-CEC6-45EC-8678-98239D6BB0F7}.Release|x86.ActiveCfg = Release|Win32
		{4CBA3D54-CEC6-45EC-8678-98239D6BB0F7}.Release|x86.Build.0 = Release|Win32
		{4CBA3D54-CEC6-45EC-8678-98239D6BB0F7}.UnicodeDebug|x64.ActiveCfg = Debug|x64
		{4CBA3D54-CEC6-45EC-8678-98239D6BB0F7}.UnicodeDebug|x64.Build.0 = Debug|x64
		{4CBA3D54-CEC6-45EC-8678-98239D6BB0F7}.UnicodeDebug|x86.ActiveCfg = Debug|Win32
		{4CBA3D54-CEC6-45EC-8678-98239D6BB0F7}.UnicodeDebug|x86.Build.0 = Debug|Win32
		{4CBA3D54-CEC6-45EC-8678-98239D6BB0F7}.UnicodeRelease|x64.ActiveCfg = Release|x64
		{4CBA3D54-CEC6-45EC-8678-98239D6BB0F7}.UnicodeRelease|x64.Build.0 = Release|x64
		{4CBA3D54-CEC6-45EC-8678-98239D6BB0F7}.UnicodeRelease|x86.ActiveCfg = Release|Win32
		{4CBA3D54-CEC6-45EC-8678-98239D6BB0F7}.UnicodeRelease|x86.Build.0 = Release|Win32
		{16F60E0C-CEF4-47B0-B2D6-9DE57D4146E3}.Debug|x64.ActiveCfg = Debug|x64
		{16F60E0C-CEF4-47B0-B2D6-9DE57D4146E3}.Debug|x64.Build.0 = Debug|x64
		{16F60E0C-CEF4-47B0-B2D6-9DE57D4146E3}.Debug|x86.ActiveCfg = Debug|Win32
		{16F60E0C-CEF4-47B0-B2D6-9DE57D4146E3}.Debug|x86.Build.0 = Debug|Win32
		{16F60E0C-CEF4-47B0-B2D6-9DE57D4146E3}.Release|x64.ActiveCfg = Release|x64
		{16F60E0C-CEF4-47B0-B2D6-9DE57D4146E3}.Release|x64.Build.0 = Release|x64
		{16F60E0C-CEF4-47B0-B2D6-9DE57D4146E3}.Release|x86.ActiveCfg = Release|Win32
		{16F60E0C-CEF4-47B0-B2D6-9DE57D4146E3}.Release|x86.Build.0 = Release|Win32
		{16F60E0C-CEF4-47B0-B2D6-9DE57D4146E3}.UnicodeDebug|x64.ActiveCfg = Debug|x64
		{16F60E0C-CEF4-47B0-B2D6-9DE57D4146E3}.UnicodeDebug|x64.Build.0 = Debug|x64
		{16F60E0C-CEF4-47B0-B2D6-9DE57D4146E3}.UnicodeDebug|x86.ActiveCfg = Debug|Win32
		{16F60E0C-CEF4-47B0-B2D6-9DE57D4146E3}.UnicodeDebug|x86.Build.0 = Debug|Win32
		{16F60E0C-CEF4-47B0-B2D6-9DE57D4146E3}.UnicodeRelease|x64.ActiveCfg = Release|x64
		{16F60E0C-CEF4-47B0-B2D6-9DE57D4146E3}.UnicodeRelease|x64.Build.0 = Release|x64
		{16F60E0C-CEF4-47B0-B2D6-9DE57D4146E3}.UnicodeRelease|x86.ActiveCfg = Release|Win32
		{16F60E0C-CEF4-47B0-B2D6-9DE57D4146E3}.UnicodeRelease|x86.Build.0 = Release|Win32
		{2E89B6F5-9404-472D-95E6-4FAB91D0DA11}.Debug|x64.ActiveCfg = Debug|x64
		{2E89B6F5-9404-472D-95E6-4FAB91D0DA11}.Debug|x64.Build.0 = Debug|x64
		{2E89B6F5-9404-472D-95E6-4FAB91D0DA11}.Debug|x86.ActiveCfg = Debug|Win32
		{2E89B6F5-9404-472D-95E6-4FAB91D0DA11}.Debug|x86.Build.0 = Debug|Win32
		{2E89B6F5-9404-472D-95E6-4FAB91D0DA11}.Release|x64.ActiveCfg = Release|x64
		{2E89B6F5-9404-472D-95E6-4FAB91D0DA11}.Release|x64.Build.0 = Release|x64
		{2E89B6F5-9404-472D-95E6-4FAB91D0DA11}.Release|x86.ActiveCfg = Release|Win32
		{2E89B6F5-9404-472D-95E6-4FAB91D0DA11}.Release|x86.Build.0 = Release|Win32
		{2E89B6F5-9404-472D-95E6-4FAB91D0DA11}.UnicodeDebug|x64.ActiveCfg = Debug|x64
		{2E89B6F5-9404-472D-95E6-4FAB91D0DA11}.UnicodeDebug|x64.Build.0 = Debug|x64
		{2E89B6F5-9404-472D-95E6-4FAB91D0DA11}.UnicodeDebug|x86.ActiveCfg = Debug|Win32
		{2E89B6F5-9404-472D-95E6-4FAB91D0DA11}.UnicodeDebug|x86.Build.0 = Debug|Win32
		{2E89B6F5-9404-472D-95E6-4FAB91D0DA11}.UnicodeRelease|x64.ActiveCfg = Release|x64
		{2E89B6F5-9404-472D-95E6-4FAB91D0DA11}.UnicodeRelease|x64.Build.0 = Release|x64
		{2E89B6F5-9404-472D-95E6-4FAB91D0DA11}.UnicodeRelease|x86.ActiveCfg = Release|Win32
		{2E89B6F5-9404-472D-95E6-4FAB91D0DA11}.UnicodeRelease|x86.Build.0 = Release|Win32
		{F8F36325-2F28-4CB3-86DF-715D27B510FB}.Debug|x64.ActiveCfg = Debug|x64
		{F8F36325-2F28-4CB3-86DF-715D27B510FB}.Debug|x64.Build.0 = Debug|x64
		{F8F36325-2F28-4CB3-86DF-715D27B510FB}.Debug|x86.ActiveCfg = Debug|Win32
		{F8F36325-2F28-4CB3-86DF-715D27B510FB}.Debug|x86.Build.0 = Debug|Win32
		{F8F36325-2F28-4CB3-86DF-715D27B510FB}.Release|x64.ActiveCfg = Release|x64
		{F8F36325-2F28-4CB3-86DF-715D27B510FB}.Release|x64.Build.0 = Release|x64
		{F8F36325-2F28-4CB3-86DF-715D27B510FB}.Release|x86.ActiveCfg = Release|Win32
		{F8F36325-2F28-4CB3-86DF-715D27B510FB}.Release|x86.Build.0 = Release|Win32
		{F8F36325-2F28-4CB3-86DF-715D27B510FB}.UnicodeDebug|x64.ActiveCfg = Debug|x64
		{F8F36325-2F28-4CB3-86DF-715D27B510FB}.UnicodeDebug|x64.Build.0 = Debug|x64
		{F8F36325-2F28-4CB3-86DF-715D27B510FB}.UnicodeDebug|x86.ActiveCfg = Debug|Win32
		{F8F36325-2F28-4CB3-86DF-715D27B510FB}.UnicodeDebug|x86.Build.0 = Debug|Win32
		{F8F36325-2F28-4CB3-86DF-715D27B510FB}.UnicodeRelease|x64.ActiveCfg = Release|x64
		{F8F36325-2F28-4CB3-86DF-715D27B510FB}.UnicodeRelease|x64.Build.0 = Release|x64
		{F8F36325-2F28-4CB3-86DF-715D27B510FB}.UnicodeRelease|x86.ActiveCfg = Release|Win32
		{F8F36325-2F28-4CB3-86DF-715D27B510FB}.UnicodeRelease|x86.Build.0 = Release|Win32
	EndGlobalSection
	GlobalSection(SolutionProperties) = preSolution
		HideSolutionNode = FALSE
	EndGlobalSection
EndGlobal
