
Microsoft Visual Studio Solution File, Format Version 12.00
# Visual Studio 14
VisualStudioVersion = 14.0.25420.1
MinimumVisualStudioVersion = 10.0.40219.1
Project("{8BC9CEB8-8B4A-11D0-8D11-00A0C91BC942}") = "regflt", "regflt.vcxproj", "{DC41A016-AF2B-46B3-971C-E8726221688A}"
EndProject
Project("{8BC9CEB8-8B4A-11D0-8D11-00A0C91BC942}") = "regctrl", "exe\regctrl.vcxproj", "{EF1294A9-96EE-458A-B2F2-3B8A4433193E}"
EndProject
Global
	GlobalSection(SolutionConfigurationPlatforms) = preSolution
		Debug|ARM = Debug|ARM
		Debug|ARM64 = Debug|ARM64
		Debug|x64 = Debug|x64
		Debug|x86 = Debug|x86
		Release|ARM = Release|ARM
		Release|ARM64 = Release|ARM64
		Release|x64 = Release|x64
		Release|x86 = Release|x86
		Win10 Debug_NoSign|ARM = Win10 Debug_NoSign|ARM
		Win10 Debug_NoSign|ARM64 = Win10 Debug_NoSign|ARM64
		Win10 Debug_NoSign|x64 = Win10 Debug_NoSign|x64
		Win10 Debug_NoSign|x86 = Win10 Debug_NoSign|x86
		Win10 Debug|ARM = Win10 Debug|ARM
		Win10 Debug|ARM64 = Win10 Debug|ARM64
		Win10 Debug|x64 = Win10 Debug|x64
		Win10 Debug|x86 = Win10 Debug|x86
		Win10 Release|ARM = Win10 Release|ARM
		Win10 Release|ARM64 = Win10 Release|ARM64
		Win10 Release|x64 = Win10 Release|x64
		Win10 Release|x86 = Win10 Release|x86
		Win7 Debug_NoSign|ARM = Win7 Debug_NoSign|ARM
		Win7 Debug_NoSign|ARM64 = Win7 Debug_NoSign|ARM64
		Win7 Debug_NoSign|x64 = Win7 Debug_NoSign|x64
		Win7 Debug_NoSign|x86 = Win7 Debug_NoSign|x86
		Win7 Debug|ARM = Win7 Debug|ARM
		Win7 Debug|ARM64 = Win7 Debug|ARM64
		Win7 Debug|x64 = Win7 Debug|x64
		Win7 Debug|x86 = Win7 Debug|x86
		Win7 Release|ARM = Win7 Release|ARM
		Win7 Release|ARM64 = Win7 Release|ARM64
		Win7 Release|x64 = Win7 Release|x64
		Win7 Release|x86 = Win7 Release|x86
		Win8 Debug_NoSign|ARM = Win8 Debug_NoSign|ARM
		Win8 Debug_NoSign|ARM64 = Win8 Debug_NoSign|ARM64
		Win8 Debug_NoSign|x64 = Win8 Debug_NoSign|x64
		Win8 Debug_NoSign|x86 = Win8 Debug_NoSign|x86
		Win8 Debug|ARM = Win8 Debug|ARM
		Win8 Debug|ARM64 = Win8 Debug|ARM64
		Win8 Debug|x64 = Win8 Debug|x64
		Win8 Debug|x86 = Win8 Debug|x86
		Win8 Release|ARM = Win8 Release|ARM
		Win8 Release|ARM64 = Win8 Release|ARM64
		Win8 Release|x64 = Win8 Release|x64
		Win8 Release|x86 = Win8 Release|x86
		Win8.1 Debug_NoSign|ARM = Win8.1 Debug_NoSign|ARM
		Win8.1 Debug_NoSign|ARM64 = Win8.1 Debug_NoSign|ARM64
		Win8.1 Debug_NoSign|x64 = Win8.1 Debug_NoSign|x64
		Win8.1 Debug_NoSign|x86 = Win8.1 Debug_NoSign|x86
		Win8.1 Debug|ARM = Win8.1 Debug|ARM
		Win8.1 Debug|ARM64 = Win8.1 Debug|ARM64
		Win8.1 Debug|x64 = Win8.1 Debug|x64
		Win8.1 Debug|x86 = Win8.1 Debug|x86
		Win8.1 Release|ARM = Win8.1 Release|ARM
		Win8.1 Release|ARM64 = Win8.1 Release|ARM64
		Win8.1 Release|x64 = Win8.1 Release|x64
		Win8.1 Release|x86 = Win8.1 Release|x86
		XP Debug_NoSign|ARM = XP Debug_NoSign|ARM
		XP Debug_NoSign|ARM64 = XP Debug_NoSign|ARM64
		XP Debug_NoSign|x64 = XP Debug_NoSign|x64
		XP Debug_NoSign|x86 = XP Debug_NoSign|x86
		XP Debug|ARM = XP Debug|ARM
		XP Debug|ARM64 = XP Debug|ARM64
		XP Debug|x64 = XP Debug|x64
		XP Debug|x86 = XP Debug|x86
		XP Release|ARM = XP Release|ARM
		XP Release|ARM64 = XP Release|ARM64
		XP Release|x64 = XP Release|x64
		XP Release|x86 = XP Release|x86
	EndGlobalSection
	GlobalSection(ProjectConfigurationPlatforms) = postSolution
		{DC41A016-AF2B-46B3-971C-E8726221688A}.Debug|ARM.ActiveCfg = Debug|ARM
		{DC41A016-AF2B-46B3-971C-E8726221688A}.Debug|ARM.Build.0 = Debug|ARM
		{DC41A016-AF2B-46B3-971C-E8726221688A}.Debug|ARM64.ActiveCfg = Debug|ARM64
		{DC41A016-AF2B-46B3-971C-E8726221688A}.Debug|ARM64.Build.0 = Debug|ARM64
		{DC41A016-AF2B-46B3-971C-E8726221688A}.Debug|x64.ActiveCfg = Debug|x64
		{DC41A016-AF2B-46B3-971C-E8726221688A}.Debug|x64.Build.0 = Debug|x64
		{DC41A016-AF2B-46B3-971C-E8726221688A}.Debug|x86.ActiveCfg = Debug|Win32
		{DC41A016-AF2B-46B3-971C-E8726221688A}.Debug|x86.Build.0 = Debug|Win32
		{DC41A016-AF2B-46B3-971C-E8726221688A}.Release|ARM.ActiveCfg = Release|ARM
		{DC41A016-AF2B-46B3-971C-E8726221688A}.Release|ARM.Build.0 = Release|ARM
		{DC41A016-AF2B-46B3-971C-E8726221688A}.Release|ARM64.ActiveCfg = Release|ARM64
		{DC41A016-AF2B-46B3-971C-E8726221688A}.Release|ARM64.Build.0 = Release|ARM64
		{DC41A016-AF2B-46B3-971C-E8726221688A}.Release|x64.ActiveCfg = Release|x64
		{DC41A016-AF2B-46B3-971C-E8726221688A}.Release|x64.Build.0 = Release|x64
		{DC41A016-AF2B-46B3-971C-E8726221688A}.Release|x86.ActiveCfg = Release|Win32
		{DC41A016-AF2B-46B3-971C-E8726221688A}.Release|x86.Build.0 = Release|Win32
		{DC41A016-AF2B-46B3-971C-E8726221688A}.Win10 Debug_NoSign|ARM.ActiveCfg = Debug|ARM
		{DC41A016-AF2B-46B3-971C-E8726221688A}.Win10 Debug_NoSign|ARM.Build.0 = Debug|ARM
		{DC41A016-AF2B-46B3-971C-E8726221688A}.Win10 Debug_NoSign|ARM64.ActiveCfg = Debug|ARM64
		{DC41A016-AF2B-46B3-971C-E8726221688A}.Win10 Debug_NoSign|ARM64.Build.0 = Debug|ARM64
		{DC41A016-AF2B-46B3-971C-E8726221688A}.Win10 Debug_NoSign|x64.ActiveCfg = Debug|x64
		{DC41A016-AF2B-46B3-971C-E8726221688A}.Win10 Debug_NoSign|x64.Build.0 = Debug|x64
		{DC41A016-AF2B-46B3-971C-E8726221688A}.Win10 Debug_NoSign|x86.ActiveCfg = Debug|Win32
		{DC41A016-AF2B-46B3-971C-E8726221688A}.Win10 Debug_NoSign|x86.Build.0 = Debug|Win32
		{DC41A016-AF2B-46B3-971C-E8726221688A}.Win10 Debug|ARM.ActiveCfg = Debug|ARM
		{DC41A016-AF2B-46B3-971C-E8726221688A}.Win10 Debug|ARM.Build.0 = Debug|ARM
		{DC41A016-AF2B-46B3-971C-E8726221688A}.Win10 Debug|ARM64.ActiveCfg = Debug|ARM64
		{DC41A016-AF2B-46B3-971C-E8726221688A}.Win10 Debug|ARM64.Build.0 = Debug|ARM64
		{DC41A016-AF2B-46B3-971C-E8726221688A}.Win10 Debug|x64.ActiveCfg = Debug|x64
		{DC41A016-AF2B-46B3-971C-E8726221688A}.Win10 Debug|x64.Build.0 = Debug|x64
		{DC41A016-AF2B-46B3-971C-E8726221688A}.Win10 Debug|x86.ActiveCfg = Debug|Win32
		{DC41A016-AF2B-46B3-971C-E8726221688A}.Win10 Debug|x86.Build.0 = Debug|Win32
		{DC41A016-AF2B-46B3-971C-E8726221688A}.Win10 Release|ARM.ActiveCfg = Release|ARM
		{DC41A016-AF2B-46B3-971C-E8726221688A}.Win10 Release|ARM.Build.0 = Release|ARM
		{DC41A016-AF2B-46B3-971C-E8726221688A}.Win10 Release|ARM64.ActiveCfg = Release|ARM64
		{DC41A016-AF2B-46B3-971C-E8726221688A}.Win10 Release|ARM64.Build.0 = Release|ARM64
		{DC41A016-AF2B-46B3-971C-E8726221688A}.Win10 Release|x64.ActiveCfg = Release|x64
		{DC41A016-AF2B-46B3-971C-E8726221688A}.Win10 Release|x64.Build.0 = Release|x64
		{DC41A016-AF2B-46B3-971C-E8726221688A}.Win10 Release|x86.ActiveCfg = Release|Win32
		{DC41A016-AF2B-46B3-971C-E8726221688A}.Win10 Release|x86.Build.0 = Release|Win32
		{DC41A016-AF2B-46B3-971C-E8726221688A}.Win7 Debug_NoSign|ARM.ActiveCfg = Debug|ARM
		{DC41A016-AF2B-46B3-971C-E8726221688A}.Win7 Debug_NoSign|ARM.Build.0 = Debug|ARM
		{DC41A016-AF2B-46B3-971C-E8726221688A}.Win7 Debug_NoSign|ARM64.ActiveCfg = Debug|ARM64
		{DC41A016-AF2B-46B3-971C-E8726221688A}.Win7 Debug_NoSign|ARM64.Build.0 = Debug|ARM64
		{DC41A016-AF2B-46B3-971C-E8726221688A}.Win7 Debug_NoSign|x64.ActiveCfg = Debug|x64
		{DC41A016-AF2B-46B3-971C-E8726221688A}.Win7 Debug_NoSign|x64.Build.0 = Debug|x64
		{DC41A016-AF2B-46B3-971C-E8726221688A}.Win7 Debug_NoSign|x86.ActiveCfg = Debug|Win32
		{DC41A016-AF2B-46B3-971C-E8726221688A}.Win7 Debug_NoSign|x86.Build.0 = Debug|Win32
		{DC41A016-AF2B-46B3-971C-E8726221688A}.Win7 Debug|ARM.ActiveCfg = Debug|ARM
		{DC41A016-AF2B-46B3-971C-E8726221688A}.Win7 Debug|ARM.Build.0 = Debug|ARM
		{DC41A016-AF2B-46B3-971C-E8726221688A}.Win7 Debug|ARM64.ActiveCfg = Debug|ARM64
		{DC41A016-AF2B-46B3-971C-E8726221688A}.Win7 Debug|ARM64.Build.0 = Debug|ARM64
		{DC41A016-AF2B-46B3-971C-E8726221688A}.Win7 Debug|x64.ActiveCfg = Debug|x64
		{DC41A016-AF2B-46B3-971C-E8726221688A}.Win7 Debug|x64.Build.0 = Debug|x64
		{DC41A016-AF2B-46B3-971C-E8726221688A}.Win7 Debug|x86.ActiveCfg = Debug|Win32
		{DC41A016-AF2B-46B3-971C-E8726221688A}.Win7 Debug|x86.Build.0 = Debug|Win32
		{DC41A016-AF2B-46B3-971C-E8726221688A}.Win7 Release|ARM.ActiveCfg = Release|ARM
		{DC41A016-AF2B-46B3-971C-E8726221688A}.Win7 Release|ARM.Build.0 = Release|ARM
		{DC41A016-AF2B-46B3-971C-E8726221688A}.Win7 Release|ARM64.ActiveCfg = Release|ARM64
		{DC41A016-AF2B-46B3-971C-E8726221688A}.Win7 Release|ARM64.Build.0 = Release|ARM64
		{DC41A016-AF2B-46B3-971C-E8726221688A}.Win7 Release|x64.ActiveCfg = Release|x64
		{DC41A016-AF2B-46B3-971C-E8726221688A}.Win7 Release|x64.Build.0 = Release|x64
		{DC41A016-AF2B-46B3-971C-E8726221688A}.Win7 Release|x86.ActiveCfg = Release|Win32
		{DC41A016-AF2B-46B3-971C-E8726221688A}.Win7 Release|x86.Build.0 = Release|Win32
		{DC41A016-AF2B-46B3-971C-E8726221688A}.Win8 Debug_NoSign|ARM.ActiveCfg = Debug|ARM
		{DC41A016-AF2B-46B3-971C-E8726221688A}.Win8 Debug_NoSign|ARM.Build.0 = Debug|ARM
		{DC41A016-AF2B-46B3-971C-E8726221688A}.Win8 Debug_NoSign|ARM64.ActiveCfg = Debug|ARM64
		{DC41A016-AF2B-46B3-971C-E8726221688A}.Win8 Debug_NoSign|ARM64.Build.0 = Debug|ARM64
		{DC41A016-AF2B-46B3-971C-E8726221688A}.Win8 Debug_NoSign|x64.ActiveCfg = Debug|x64
		{DC41A016-AF2B-46B3-971C-E8726221688A}.Win8 Debug_NoSign|x64.Build.0 = Debug|x64
		{DC41A016-AF2B-46B3-971C-E8726221688A}.Win8 Debug_NoSign|x86.ActiveCfg = Debug|Win32
		{DC41A016-AF2B-46B3-971C-E8726221688A}.Win8 Debug_NoSign|x86.Build.0 = Debug|Win32
		{DC41A016-AF2B-46B3-971C-E8726221688A}.Win8 Debug|ARM.ActiveCfg = Debug|ARM
		{DC41A016-AF2B-46B3-971C-E8726221688A}.Win8 Debug|ARM.Build.0 = Debug|ARM
		{DC41A016-AF2B-46B3-971C-E8726221688A}.Win8 Debug|ARM64.ActiveCfg = Debug|ARM64
		{DC41A016-AF2B-46B3-971C-E8726221688A}.Win8 Debug|ARM64.Build.0 = Debug|ARM64
		{DC41A016-AF2B-46B3-971C-E8726221688A}.Win8 Debug|x64.ActiveCfg = Debug|x64
		{DC41A016-AF2B-46B3-971C-E8726221688A}.Win8 Debug|x64.Build.0 = Debug|x64
		{DC41A016-AF2B-46B3-971C-E8726221688A}.Win8 Debug|x86.ActiveCfg = Debug|Win32
		{DC41A016-AF2B-46B3-971C-E8726221688A}.Win8 Debug|x86.Build.0 = Debug|Win32
		{DC41A016-AF2B-46B3-971C-E8726221688A}.Win8 Release|ARM.ActiveCfg = Release|ARM
		{DC41A016-AF2B-46B3-971C-E8726221688A}.Win8 Release|ARM.Build.0 = Release|ARM
		{DC41A016-AF2B-46B3-971C-E8726221688A}.Win8 Release|ARM64.ActiveCfg = Release|ARM64
		{DC41A016-AF2B-46B3-971C-E8726221688A}.Win8 Release|ARM64.Build.0 = Release|ARM64
		{DC41A016-AF2B-46B3-971C-E8726221688A}.Win8 Release|x64.ActiveCfg = Release|x64
		{DC41A016-AF2B-46B3-971C-E8726221688A}.Win8 Release|x64.Build.0 = Release|x64
		{DC41A016-AF2B-46B3-971C-E8726221688A}.Win8 Release|x86.ActiveCfg = Release|Win32
		{DC41A016-AF2B-46B3-971C-E8726221688A}.Win8 Release|x86.Build.0 = Release|Win32
		{DC41A016-AF2B-46B3-971C-E8726221688A}.Win8.1 Debug_NoSign|ARM.ActiveCfg = Debug|ARM
		{DC41A016-AF2B-46B3-971C-E8726221688A}.Win8.1 Debug_NoSign|ARM.Build.0 = Debug|ARM
		{DC41A016-AF2B-46B3-971C-E8726221688A}.Win8.1 Debug_NoSign|ARM64.ActiveCfg = Debug|ARM64
		{DC41A016-AF2B-46B3-971C-E8726221688A}.Win8.1 Debug_NoSign|ARM64.Build.0 = Debug|ARM64
		{DC41A016-AF2B-46B3-971C-E8726221688A}.Win8.1 Debug_NoSign|x64.ActiveCfg = Debug|x64
		{DC41A016-AF2B-46B3-971C-E8726221688A}.Win8.1 Debug_NoSign|x64.Build.0 = Debug|x64
		{DC41A016-AF2B-46B3-971C-E8726221688A}.Win8.1 Debug_NoSign|x86.ActiveCfg = Debug|Win32
		{DC41A016-AF2B-46B3-971C-E8726221688A}.Win8.1 Debug_NoSign|x86.Build.0 = Debug|Win32
		{DC41A016-AF2B-46B3-971C-E8726221688A}.Win8.1 Debug|ARM.ActiveCfg = Debug|ARM
		{DC41A016-AF2B-46B3-971C-E8726221688A}.Win8.1 Debug|ARM.Build.0 = Debug|ARM
		{DC41A016-AF2B-46B3-971C-E8726221688A}.Win8.1 Debug|ARM64.ActiveCfg = Debug|ARM64
		{DC41A016-AF2B-46B3-971C-E8726221688A}.Win8.1 Debug|ARM64.Build.0 = Debug|ARM64
		{DC41A016-AF2B-46B3-971C-E8726221688A}.Win8.1 Debug|x64.ActiveCfg = Debug|x64
		{DC41A016-AF2B-46B3-971C-E8726221688A}.Win8.1 Debug|x64.Build.0 = Debug|x64
		{DC41A016-AF2B-46B3-971C-E8726221688A}.Win8.1 Debug|x86.ActiveCfg = Debug|Win32
		{DC41A016-AF2B-46B3-971C-E8726221688A}.Win8.1 Debug|x86.Build.0 = Debug|Win32
		{DC41A016-AF2B-46B3-971C-E8726221688A}.Win8.1 Release|ARM.ActiveCfg = Release|ARM
		{DC41A016-AF2B-46B3-971C-E8726221688A}.Win8.1 Release|ARM.Build.0 = Release|ARM
		{DC41A016-AF2B-46B3-971C-E8726221688A}.Win8.1 Release|ARM64.ActiveCfg = Release|ARM64
		{DC41A016-AF2B-46B3-971C-E8726221688A}.Win8.1 Release|ARM64.Build.0 = Release|ARM64
		{DC41A016-AF2B-46B3-971C-E8726221688A}.Win8.1 Release|x64.ActiveCfg = Release|x64
		{DC41A016-AF2B-46B3-971C-E8726221688A}.Win8.1 Release|x64.Build.0 = Release|x64
		{DC41A016-AF2B-46B3-971C-E8726221688A}.Win8.1 Release|x86.ActiveCfg = Release|Win32
		{DC41A016-AF2B-46B3-971C-E8726221688A}.Win8.1 Release|x86.Build.0 = Release|Win32
		{DC41A016-AF2B-46B3-971C-E8726221688A}.XP Debug_NoSign|ARM.ActiveCfg = Debug|ARM
		{DC41A016-AF2B-46B3-971C-E8726221688A}.XP Debug_NoSign|ARM.Build.0 = Debug|ARM
		{DC41A016-AF2B-46B3-971C-E8726221688A}.XP Debug_NoSign|ARM64.ActiveCfg = Debug|ARM64
		{DC41A016-AF2B-46B3-971C-E8726221688A}.XP Debug_NoSign|ARM64.Build.0 = Debug|ARM64
		{DC41A016-AF2B-46B3-971C-E8726221688A}.XP Debug_NoSign|x64.ActiveCfg = Debug|x64
		{DC41A016-AF2B-46B3-971C-E8726221688A}.XP Debug_NoSign|x64.Build.0 = Debug|x64
		{DC41A016-AF2B-46B3-971C-E8726221688A}.XP Debug_NoSign|x86.ActiveCfg = Debug|Win32
		{DC41A016-AF2B-46B3-971C-E8726221688A}.XP Debug_NoSign|x86.Build.0 = Debug|Win32
		{DC41A016-AF2B-46B3-971C-E8726221688A}.XP Debug|ARM.ActiveCfg = Debug|ARM
		{DC41A016-AF2B-46B3-971C-E8726221688A}.XP Debug|ARM.Build.0 = Debug|ARM
		{DC41A016-AF2B-46B3-971C-E8726221688A}.XP Debug|ARM64.ActiveCfg = Debug|ARM64
		{DC41A016-AF2B-46B3-971C-E8726221688A}.XP Debug|ARM64.Build.0 = Debug|ARM64
		{DC41A016-AF2B-46B3-971C-E8726221688A}.XP Debug|x64.ActiveCfg = Debug|x64
		{DC41A016-AF2B-46B3-971C-E8726221688A}.XP Debug|x64.Build.0 = Debug|x64
		{DC41A016-AF2B-46B3-971C-E8726221688A}.XP Debug|x86.ActiveCfg = Debug|Win32
		{DC41A016-AF2B-46B3-971C-E8726221688A}.XP Debug|x86.Build.0 = Debug|Win32
		{DC41A016-AF2B-46B3-971C-E8726221688A}.XP Release|ARM.ActiveCfg = Release|ARM
		{DC41A016-AF2B-46B3-971C-E8726221688A}.XP Release|ARM.Build.0 = Release|ARM
		{DC41A016-AF2B-46B3-971C-E8726221688A}.XP Release|ARM64.ActiveCfg = Release|ARM64
		{DC41A016-AF2B-46B3-971C-E8726221688A}.XP Release|ARM64.Build.0 = Release|ARM64
		{DC41A016-AF2B-46B3-971C-E8726221688A}.XP Release|x64.ActiveCfg = Release|x64
		{DC41A016-AF2B-46B3-971C-E8726221688A}.XP Release|x64.Build.0 = Release|x64
		{DC41A016-AF2B-46B3-971C-E8726221688A}.XP Release|x86.ActiveCfg = Release|Win32
		{DC41A016-AF2B-46B3-971C-E8726221688A}.XP Release|x86.Build.0 = Release|Win32
		{EF1294A9-96EE-458A-B2F2-3B8A4433193E}.Debug|ARM.ActiveCfg = Debug|Win32
		{EF1294A9-96EE-458A-B2F2-3B8A4433193E}.Debug|ARM64.ActiveCfg = Debug|Win32
		{EF1294A9-96EE-458A-B2F2-3B8A4433193E}.Debug|x64.ActiveCfg = Debug|x64
		{EF1294A9-96EE-458A-B2F2-3B8A4433193E}.Debug|x64.Build.0 = Debug|x64
		{EF1294A9-96EE-458A-B2F2-3B8A4433193E}.Debug|x86.ActiveCfg = Debug|Win32
		{EF1294A9-96EE-458A-B2F2-3B8A4433193E}.Debug|x86.Build.0 = Debug|Win32
		{EF1294A9-96EE-458A-B2F2-3B8A4433193E}.Release|ARM.ActiveCfg = Release|Win32
		{EF1294A9-96EE-458A-B2F2-3B8A4433193E}.Release|ARM64.ActiveCfg = Release|Win32
		{EF1294A9-96EE-458A-B2F2-3B8A4433193E}.Release|x64.ActiveCfg = Release|x64
		{EF1294A9-96EE-458A-B2F2-3B8A4433193E}.Release|x64.Build.0 = Release|x64
		{EF1294A9-96EE-458A-B2F2-3B8A4433193E}.Release|x86.ActiveCfg = Release|Win32
		{EF1294A9-96EE-458A-B2F2-3B8A4433193E}.Release|x86.Build.0 = Release|Win32
		{EF1294A9-96EE-458A-B2F2-3B8A4433193E}.Win10 Debug_NoSign|ARM.ActiveCfg = Release|x64
		{EF1294A9-96EE-458A-B2F2-3B8A4433193E}.Win10 Debug_NoSign|ARM.Build.0 = Release|x64
		{EF1294A9-96EE-458A-B2F2-3B8A4433193E}.Win10 Debug_NoSign|ARM64.ActiveCfg = Release|x64
		{EF1294A9-96EE-458A-B2F2-3B8A4433193E}.Win10 Debug_NoSign|ARM64.Build.0 = Release|x64
		{EF1294A9-96EE-458A-B2F2-3B8A4433193E}.Win10 Debug_NoSign|x64.ActiveCfg = Debug|x64
		{EF1294A9-96EE-458A-B2F2-3B8A4433193E}.Win10 Debug_NoSign|x64.Build.0 = Debug|x64
		{EF1294A9-96EE-458A-B2F2-3B8A4433193E}.Win10 Debug_NoSign|x86.ActiveCfg = Debug|Win32
		{EF1294A9-96EE-458A-B2F2-3B8A4433193E}.Win10 Debug_NoSign|x86.Build.0 = Debug|Win32
		{EF1294A9-96EE-458A-B2F2-3B8A4433193E}.Win10 Debug|ARM.ActiveCfg = Release|x64
		{EF1294A9-96EE-458A-B2F2-3B8A4433193E}.Win10 Debug|ARM.Build.0 = Release|x64
		{EF1294A9-96EE-458A-B2F2-3B8A4433193E}.Win10 Debug|ARM64.ActiveCfg = Release|x64
		{EF1294A9-96EE-458A-B2F2-3B8A4433193E}.Win10 Debug|ARM64.Build.0 = Release|x64
		{EF1294A9-96EE-458A-B2F2-3B8A4433193E}.Win10 Debug|x64.ActiveCfg = Debug|x64
		{EF1294A9-96EE-458A-B2F2-3B8A4433193E}.Win10 Debug|x64.Build.0 = Debug|x64
		{EF1294A9-96EE-458A-B2F2-3B8A4433193E}.Win10 Debug|x86.ActiveCfg = Debug|Win32
		{EF1294A9-96EE-458A-B2F2-3B8A4433193E}.Win10 Debug|x86.Build.0 = Debug|Win32
		{EF1294A9-96EE-458A-B2F2-3B8A4433193E}.Win10 Release|ARM.ActiveCfg = Release|x64
		{EF1294A9-96EE-458A-B2F2-3B8A4433193E}.Win10 Release|ARM.Build.0 = Release|x64
		{EF1294A9-96EE-458A-B2F2-3B8A4433193E}.Win10 Release|ARM64.ActiveCfg = Release|x64
		{EF1294A9-96EE-458A-B2F2-3B8A4433193E}.Win10 Release|ARM64.Build.0 = Release|x64
		{EF1294A9-96EE-458A-B2F2-3B8A4433193E}.Win10 Release|x64.ActiveCfg = Release|x64
		{EF1294A9-96EE-458A-B2F2-3B8A4433193E}.Win10 Release|x64.Build.0 = Release|x64
		{EF1294A9-96EE-458A-B2F2-3B8A4433193E}.Win10 Release|x86.ActiveCfg = Release|Win32
		{EF1294A9-96EE-458A-B2F2-3B8A4433193E}.Win10 Release|x86.Build.0 = Release|Win32
		{EF1294A9-96EE-458A-B2F2-3B8A4433193E}.Win7 Debug_NoSign|ARM.ActiveCfg = Release|x64
		{EF1294A9-96EE-458A-B2F2-3B8A4433193E}.Win7 Debug_NoSign|ARM.Build.0 = Release|x64
		{EF1294A9-96EE-458A-B2F2-3B8A4433193E}.Win7 Debug_NoSign|ARM64.ActiveCfg = Release|x64
		{EF1294A9-96EE-458A-B2F2-3B8A4433193E}.Win7 Debug_NoSign|ARM64.Build.0 = Release|x64
		{EF1294A9-96EE-458A-B2F2-3B8A4433193E}.Win7 Debug_NoSign|x64.ActiveCfg = Debug|x64
		{EF1294A9-96EE-458A-B2F2-3B8A4433193E}.Win7 Debug_NoSign|x64.Build.0 = Debug|x64
		{EF1294A9-96EE-458A-B2F2-3B8A4433193E}.Win7 Debug_NoSign|x86.ActiveCfg = Debug|Win32
		{EF1294A9-96EE-458A-B2F2-3B8A4433193E}.Win7 Debug_NoSign|x86.Build.0 = Debug|Win32
		{EF1294A9-96EE-458A-B2F2-3B8A4433193E}.Win7 Debug|ARM.ActiveCfg = Release|x64
		{EF1294A9-96EE-458A-B2F2-3B8A4433193E}.Win7 Debug|ARM.Build.0 = Release|x64
		{EF1294A9-96EE-458A-B2F2-3B8A4433193E}.Win7 Debug|ARM64.ActiveCfg = Release|x64
		{EF1294A9-96EE-458A-B2F2-3B8A4433193E}.Win7 Debug|ARM64.Build.0 = Release|x64
		{EF1294A9-96EE-458A-B2F2-3B8A4433193E}.Win7 Debug|x64.ActiveCfg = Debug|x64
		{EF1294A9-96EE-458A-B2F2-3B8A4433193E}.Win7 Debug|x64.Build.0 = Debug|x64
		{EF1294A9-96EE-458A-B2F2-3B8A4433193E}.Win7 Debug|x86.ActiveCfg = Debug|Win32
		{EF1294A9-96EE-458A-B2F2-3B8A4433193E}.Win7 Debug|x86.Build.0 = Debug|Win32
		{EF1294A9-96EE-458A-B2F2-3B8A4433193E}.Win7 Release|ARM.ActiveCfg = Release|x64
		{EF1294A9-96EE-458A-B2F2-3B8A4433193E}.Win7 Release|ARM.Build.0 = Release|x64
		{EF1294A9-96EE-458A-B2F2-3B8A4433193E}.Win7 Release|ARM64.ActiveCfg = Release|x64
		{EF1294A9-96EE-458A-B2F2-3B8A4433193E}.Win7 Release|ARM64.Build.0 = Release|x64
		{EF1294A9-96EE-458A-B2F2-3B8A4433193E}.Win7 Release|x64.ActiveCfg = Release|x64
		{EF1294A9-96EE-458A-B2F2-3B8A4433193E}.Win7 Release|x64.Build.0 = Release|x64
		{EF1294A9-96EE-458A-B2F2-3B8A4433193E}.Win7 Release|x86.ActiveCfg = Release|Win32
		{EF1294A9-96EE-458A-B2F2-3B8A4433193E}.Win7 Release|x86.Build.0 = Release|Win32
		{EF1294A9-96EE-458A-B2F2-3B8A4433193E}.Win8 Debug_NoSign|ARM.ActiveCfg = Release|x64
		{EF1294A9-96EE-458A-B2F2-3B8A4433193E}.Win8 Debug_NoSign|ARM.Build.0 = Release|x64
		{EF1294A9-96EE-458A-B2F2-3B8A4433193E}.Win8 Debug_NoSign|ARM64.ActiveCfg = Release|x64
		{EF1294A9-96EE-458A-B2F2-3B8A4433193E}.Win8 Debug_NoSign|ARM64.Build.0 = Release|x64
		{EF1294A9-96EE-458A-B2F2-3B8A4433193E}.Win8 Debug_NoSign|x64.ActiveCfg = Debug|x64
		{EF1294A9-96EE-458A-B2F2-3B8A4433193E}.Win8 Debug_NoSign|x64.Build.0 = Debug|x64
		{EF1294A9-96EE-458A-B2F2-3B8A4433193E}.Win8 Debug_NoSign|x86.ActiveCfg = Debug|Win32
		{EF1294A9-96EE-458A-B2F2-3B8A4433193E}.Win8 Debug_NoSign|x86.Build.0 = Debug|Win32
		{EF1294A9-96EE-458A-B2F2-3B8A4433193E}.Win8 Debug|ARM.ActiveCfg = Release|x64
		{EF1294A9-96EE-458A-B2F2-3B8A4433193E}.Win8 Debug|ARM.Build.0 = Release|x64
		{EF1294A9-96EE-458A-B2F2-3B8A4433193E}.Win8 Debug|ARM64.ActiveCfg = Release|x64
		{EF1294A9-96EE-458A-B2F2-3B8A4433193E}.Win8 Debug|ARM64.Build.0 = Release|x64
		{EF1294A9-96EE-458A-B2F2-3B8A4433193E}.Win8 Debug|x64.ActiveCfg = Debug|x64
		{EF1294A9-96EE-458A-B2F2-3B8A4433193E}.Win8 Debug|x64.Build.0 = Debug|x64
		{EF1294A9-96EE-458A-B2F2-3B8A4433193E}.Win8 Debug|x86.ActiveCfg = Debug|Win32
		{EF1294A9-96EE-458A-B2F2-3B8A4433193E}.Win8 Debug|x86.Build.0 = Debug|Win32
		{EF1294A9-96EE-458A-B2F2-3B8A4433193E}.Win8 Release|ARM.ActiveCfg = Release|x64
		{EF1294A9-96EE-458A-B2F2-3B8A4433193E}.Win8 Release|ARM.Build.0 = Release|x64
		{EF1294A9-96EE-458A-B2F2-3B8A4433193E}.Win8 Release|ARM64.ActiveCfg = Release|x64
		{EF1294A9-96EE-458A-B2F2-3B8A4433193E}.Win8 Release|ARM64.Build.0 = Release|x64
		{EF1294A9-96EE-458A-B2F2-3B8A4433193E}.Win8 Release|x64.ActiveCfg = Release|x64
		{EF1294A9-96EE-458A-B2F2-3B8A4433193E}.Win8 Release|x64.Build.0 = Release|x64
		{EF1294A9-96EE-458A-B2F2-3B8A4433193E}.Win8 Release|x86.ActiveCfg = Release|Win32
		{EF1294A9-96EE-458A-B2F2-3B8A4433193E}.Win8 Release|x86.Build.0 = Release|Win32
		{EF1294A9-96EE-458A-B2F2-3B8A4433193E}.Win8.1 Debug_NoSign|ARM.ActiveCfg = Release|x64
		{EF1294A9-96EE-458A-B2F2-3B8A4433193E}.Win8.1 Debug_NoSign|ARM.Build.0 = Release|x64
		{EF1294A9-96EE-458A-B2F2-3B8A4433193E}.Win8.1 Debug_NoSign|ARM64.ActiveCfg = Release|x64
		{EF1294A9-96EE-458A-B2F2-3B8A4433193E}.Win8.1 Debug_NoSign|ARM64.Build.0 = Release|x64
		{EF1294A9-96EE-458A-B2F2-3B8A4433193E}.Win8.1 Debug_NoSign|x64.ActiveCfg = Debug|x64
		{EF1294A9-96EE-458A-B2F2-3B8A4433193E}.Win8.1 Debug_NoSign|x64.Build.0 = Debug|x64
		{EF1294A9-96EE-458A-B2F2-3B8A4433193E}.Win8.1 Debug_NoSign|x86.ActiveCfg = Debug|Win32
		{EF1294A9-96EE-458A-B2F2-3B8A4433193E}.Win8.1 Debug_NoSign|x86.Build.0 = Debug|Win32
		{EF1294A9-96EE-458A-B2F2-3B8A4433193E}.Win8.1 Debug|ARM.ActiveCfg = Release|x64
		{EF1294A9-96EE-458A-B2F2-3B8A4433193E}.Win8.1 Debug|ARM.Build.0 = Release|x64
		{EF1294A9-96EE-458A-B2F2-3B8A4433193E}.Win8.1 Debug|ARM64.ActiveCfg = Release|x64
		{EF1294A9-96EE-458A-B2F2-3B8A4433193E}.Win8.1 Debug|ARM64.Build.0 = Release|x64
		{EF1294A9-96EE-458A-B2F2-3B8A4433193E}.Win8.1 Debug|x64.ActiveCfg = Debug|x64
		{EF1294A9-96EE-458A-B2F2-3B8A4433193E}.Win8.1 Debug|x64.Build.0 = Debug|x64
		{EF1294A9-96EE-458A-B2F2-3B8A4433193E}.Win8.1 Debug|x86.ActiveCfg = Debug|Win32
		{EF1294A9-96EE-458A-B2F2-3B8A4433193E}.Win8.1 Debug|x86.Build.0 = Debug|Win32
		{EF1294A9-96EE-458A-B2F2-3B8A4433193E}.Win8.1 Release|ARM.ActiveCfg = Release|x64
		{EF1294A9-96EE-458A-B2F2-3B8A4433193E}.Win8.1 Release|ARM.Build.0 = Release|x64
		{EF1294A9-96EE-458A-B2F2-3B8A4433193E}.Win8.1 Release|ARM64.ActiveCfg = Release|x64
		{EF1294A9-96EE-458A-B2F2-3B8A4433193E}.Win8.1 Release|ARM64.Build.0 = Release|x64
		{EF1294A9-96EE-458A-B2F2-3B8A4433193E}.Win8.1 Release|x64.ActiveCfg = Release|x64
		{EF1294A9-96EE-458A-B2F2-3B8A4433193E}.Win8.1 Release|x64.Build.0 = Release|x64
		{EF1294A9-96EE-458A-B2F2-3B8A4433193E}.Win8.1 Release|x86.ActiveCfg = Release|Win32
		{EF1294A9-96EE-458A-B2F2-3B8A4433193E}.Win8.1 Release|x86.Build.0 = Release|Win32
		{EF1294A9-96EE-458A-B2F2-3B8A4433193E}.XP Debug_NoSign|ARM.ActiveCfg = Release|x64
		{EF1294A9-96EE-458A-B2F2-3B8A4433193E}.XP Debug_NoSign|ARM.Build.0 = Release|x64
		{EF1294A9-96EE-458A-B2F2-3B8A4433193E}.XP Debug_NoSign|ARM64.ActiveCfg = Release|x64
		{EF1294A9-96EE-458A-B2F2-3B8A4433193E}.XP Debug_NoSign|ARM64.Build.0 = Release|x64
		{EF1294A9-96EE-458A-B2F2-3B8A4433193E}.XP Debug_NoSign|x64.ActiveCfg = Debug|x64
		{EF1294A9-96EE-458A-B2F2-3B8A4433193E}.XP Debug_NoSign|x64.Build.0 = Debug|x64
		{EF1294A9-96EE-458A-B2F2-3B8A4433193E}.XP Debug_NoSign|x86.ActiveCfg = Debug|Win32
		{EF1294A9-96EE-458A-B2F2-3B8A4433193E}.XP Debug_NoSign|x86.Build.0 = Debug|Win32
		{EF1294A9-96EE-458A-B2F2-3B8A4433193E}.XP Debug|ARM.ActiveCfg = Release|x64
		{EF1294A9-96EE-458A-B2F2-3B8A4433193E}.XP Debug|ARM.Build.0 = Release|x64
		{EF1294A9-96EE-458A-B2F2-3B8A4433193E}.XP Debug|ARM64.ActiveCfg = Release|x64
		{EF1294A9-96EE-458A-B2F2-3B8A4433193E}.XP Debug|ARM64.Build.0 = Release|x64
		{EF1294A9-96EE-458A-B2F2-3B8A4433193E}.XP Debug|x64.ActiveCfg = Debug|x64
		{EF1294A9-96EE-458A-B2F2-3B8A4433193E}.XP Debug|x64.Build.0 = Debug|x64
		{EF1294A9-96EE-458A-B2F2-3B8A4433193E}.XP Debug|x86.ActiveCfg = Debug|Win32
		{EF1294A9-96EE-458A-B2F2-3B8A4433193E}.XP Debug|x86.Build.0 = Debug|Win32
		{EF1294A9-96EE-458A-B2F2-3B8A4433193E}.XP Release|ARM.ActiveCfg = Release|x64
		{EF1294A9-96EE-458A-B2F2-3B8A4433193E}.XP Release|ARM.Build.0 = Release|x64
		{EF1294A9-96EE-458A-B2F2-3B8A4433193E}.XP Release|ARM64.ActiveCfg = Release|x64
		{EF1294A9-96EE-458A-B2F2-3B8A4433193E}.XP Release|ARM64.Build.0 = Release|x64
		{EF1294A9-96EE-458A-B2F2-3B8A4433193E}.XP Release|x64.ActiveCfg = Release|x64
		{EF1294A9-96EE-458A-B2F2-3B8A4433193E}.XP Release|x64.Build.0 = Release|x64
		{EF1294A9-96EE-458A-B2F2-3B8A4433193E}.XP Release|x86.ActiveCfg = Release|Win32
		{EF1294A9-96EE-458A-B2F2-3B8A4433193E}.XP Release|x86.Build.0 = Release|Win32
	EndGlobalSection
	GlobalSection(SolutionProperties) = preSolution
		HideSolutionNode = FALSE
	EndGlobalSection
EndGlobal
